
Microsoft Visual Studio Solution File, Format Version 11.00
# Visual Studio 2010
# SharpDevelop 5.1
Project("{FAE04EC0-301F-11D3-BF4B-00C04F79EFBC}") = "ColC", "ColC\ColC.csproj", "{4E5C63E8-2D5B-4B06-87EC-137DA7A38299}"
EndProject
Global
	GlobalSection(SolutionConfigurationPlatforms) = preSolution
		Debug|Any CPU = Debug|Any CPU
		Release|Any CPU = Release|Any CPU
	EndGlobalSection
	GlobalSection(ProjectConfigurationPlatforms) = postSolution
		{4E5C63E8-2D5B-4B06-87EC-137DA7A38299}.Debug|Any CPU.ActiveCfg = Debug|Any CPU
		{4E5C63E8-2D5B-4B06-87EC-137DA7A38299}.Debug|Any CPU.Build.0 = Debug|Any CPU
		{4E5C63E8-2D5B-4B06-87EC-137DA7A38299}.Release|Any CPU.ActiveCfg = Release|Any CPU
		{4E5C63E8-2D5B-4B06-87EC-137DA7A38299}.Release|Any CPU.Build.0 = Release|Any CPU
	EndGlobalSection
EndGlobal
